// !$*UTF8*$!
{
	archiveVersion = 1;
	classes = {
	};
	objectVersion = 56;
	objects = {

/* Begin PBXBuildFile section */
		9B84A67829DC23E9008C8D6D /* AppDelegate.swift in Sources */ = {isa = PBXBuildFile; fileRef = 9B84A67729DC23E9008C8D6D /* AppDelegate.swift */; };
		9B84A67A29DC23E9008C8D6D /* SceneDelegate.swift in Sources */ = {isa = PBXBuildFile; fileRef = 9B84A67929DC23E9008C8D6D /* SceneDelegate.swift */; };
		9B84A68229DC23E9008C8D6D /* NoteMeBook.xcdatamodeld in Sources */ = {isa = PBXBuildFile; fileRef = 9B84A68029DC23E9008C8D6D /* NoteMeBook.xcdatamodeld */; };
		9B84A68429DC23EA008C8D6D /* Assets.xcassets in Resources */ = {isa = PBXBuildFile; fileRef = 9B84A68329DC23EA008C8D6D /* Assets.xcassets */; };
		9B84A68729DC23EA008C8D6D /* LaunchScreen.storyboard in Resources */ = {isa = PBXBuildFile; fileRef = 9B84A68529DC23EA008C8D6D /* LaunchScreen.storyboard */; };
		9B94D64E29E98CC100AC52DC /* CustomTableViewCell.swift in Sources */ = {isa = PBXBuildFile; fileRef = 9B94D64D29E98CC100AC52DC /* CustomTableViewCell.swift */; };
		9BAEF11329DC2CA200755C52 /* FirstTableVC.swift in Sources */ = {isa = PBXBuildFile; fileRef = 9BAEF11229DC2CA200755C52 /* FirstTableVC.swift */; };
		9BAEF11729DC2D1300755C52 /* NewNotesVC.swift in Sources */ = {isa = PBXBuildFile; fileRef = 9BAEF11629DC2D1300755C52 /* NewNotesVC.swift */; };
		9BAEF11929DC2D2F00755C52 /* PreviewVC.swift in Sources */ = {isa = PBXBuildFile; fileRef = 9BAEF11829DC2D2F00755C52 /* PreviewVC.swift */; };
/* End PBXBuildFile section */

/* Begin PBXFileReference section */
		9B84A67429DC23E9008C8D6D /* NoteMeBook.app */ = {isa = PBXFileReference; explicitFileType = wrapper.application; includeInIndex = 0; path = NoteMeBook.app; sourceTree = BUILT_PRODUCTS_DIR; };
		9B84A67729DC23E9008C8D6D /* AppDelegate.swift */ = {isa = PBXFileReference; lastKnownFileType = sourcecode.swift; path = AppDelegate.swift; sourceTree = "<group>"; };
		9B84A67929DC23E9008C8D6D /* SceneDelegate.swift */ = {isa = PBXFileReference; lastKnownFileType = sourcecode.swift; path = SceneDelegate.swift; sourceTree = "<group>"; };
		9B84A68129DC23E9008C8D6D /* NoteMeBook.xcdatamodel */ = {isa = PBXFileReference; lastKnownFileType = wrapper.xcdatamodel; path = NoteMeBook.xcdatamodel; sourceTree = "<group>"; };
		9B84A68329DC23EA008C8D6D /* Assets.xcassets */ = {isa = PBXFileReference; lastKnownFileType = folder.assetcatalog; path = Assets.xcassets; sourceTree = "<group>"; };
		9B84A68629DC23EA008C8D6D /* Base */ = {isa = PBXFileReference; lastKnownFileType = file.storyboard; name = Base; path = Base.lproj/LaunchScreen.storyboard; sourceTree = "<group>"; };
		9B84A68829DC23EA008C8D6D /* Info.plist */ = {isa = PBXFileReference; lastKnownFileType = text.plist.xml; path = Info.plist; sourceTree = "<group>"; };
		9B94D64D29E98CC100AC52DC /* CustomTableViewCell.swift */ = {isa = PBXFileReference; lastKnownFileType = sourcecode.swift; path = CustomTableViewCell.swift; sourceTree = "<group>"; };
		9BAEF11229DC2CA200755C52 /* FirstTableVC.swift */ = {isa = PBXFileReference; lastKnownFileType = sourcecode.swift; path = FirstTableVC.swift; sourceTree = "<group>"; };
		9BAEF11629DC2D1300755C52 /* NewNotesVC.swift */ = {isa = PBXFileReference; lastKnownFileType = sourcecode.swift; path = NewNotesVC.swift; sourceTree = "<group>"; };
		9BAEF11829DC2D2F00755C52 /* PreviewVC.swift */ = {isa = PBXFileReference; lastKnownFileType = sourcecode.swift; path = PreviewVC.swift; sourceTree = "<group>"; };
/* End PBXFileReference section */

/* Begin PBXFrameworksBuildPhase section */
		9B84A67129DC23E9008C8D6D /* Frameworks */ = {
			isa = PBXFrameworksBuildPhase;
			buildActionMask = 2147483647;
			files = (
			);
			runOnlyForDeploymentPostprocessing = 0;
		};
/* End PBXFrameworksBuildPhase section */

/* Begin PBXGroup section */
		9B84A66B29DC23E9008C8D6D = {
			isa = PBXGroup;
			children = (
				9B84A67629DC23E9008C8D6D /* NoteMeBook */,
				9B84A67529DC23E9008C8D6D /* Products */,
			);
			sourceTree = "<group>";
		};
		9B84A67529DC23E9008C8D6D /* Products */ = {
			isa = PBXGroup;
			children = (
				9B84A67429DC23E9008C8D6D /* NoteMeBook.app */,
			);
			name = Products;
			sourceTree = "<group>";
		};
		9B84A67629DC23E9008C8D6D /* NoteMeBook */ = {
			isa = PBXGroup;
			children = (
				9B84A67729DC23E9008C8D6D /* AppDelegate.swift */,
				9B84A67929DC23E9008C8D6D /* SceneDelegate.swift */,
				9BAEF11229DC2CA200755C52 /* FirstTableVC.swift */,
				9B94D64D29E98CC100AC52DC /* CustomTableViewCell.swift */,
				9BAEF11629DC2D1300755C52 /* NewNotesVC.swift */,
				9BAEF11829DC2D2F00755C52 /* PreviewVC.swift */,
				9B84A68529DC23EA008C8D6D /* LaunchScreen.storyboard */,
				9B84A68329DC23EA008C8D6D /* Assets.xcassets */,
				9B84A68829DC23EA008C8D6D /* Info.plist */,
				9B84A68029DC23E9008C8D6D /* NoteMeBook.xcdatamodeld */,
			);
			path = NoteMeBook;
			sourceTree = "<group>";
		};
/* End PBXGroup section */

/* Begin PBXNativeTarget section */
		9B84A67329DC23E9008C8D6D /* NoteMeBook */ = {
			isa = PBXNativeTarget;
			buildConfigurationList = 9B84A68B29DC23EA008C8D6D /* Build configuration list for PBXNativeTarget "NoteMeBook" */;
			buildPhases = (
				9B84A67029DC23E9008C8D6D /* Sources */,
				9B84A67129DC23E9008C8D6D /* Frameworks */,
				9B84A67229DC23E9008C8D6D /* Resources */,
			);
			buildRules = (
			);
			dependencies = (
			);
			name = NoteMeBook;
			productName = NoteMeBook;
			productReference = 9B84A67429DC23E9008C8D6D /* NoteMeBook.app */;
			productType = "com.apple.product-type.application";
		};
/* End PBXNativeTarget section */

/* Begin PBXProject section */
		9B84A66C29DC23E9008C8D6D /* Project object */ = {
			isa = PBXProject;
			attributes = {
				BuildIndependentTargetsInParallel = 1;
				LastSwiftUpdateCheck = 1430;
				LastUpgradeCheck = 1430;
				TargetAttributes = {
					9B84A67329DC23E9008C8D6D = {
						CreatedOnToolsVersion = 14.3;
					};
				};
			};
			buildConfigurationList = 9B84A66F29DC23E9008C8D6D /* Build configuration list for PBXProject "NoteMeBook" */;
			compatibilityVersion = "Xcode 14.0";
			developmentRegion = en;
			hasScannedForEncodings = 0;
			knownRegions = (
				en,
				Base,
			);
			mainGroup = 9B84A66B29DC23E9008C8D6D;
			productRefGroup = 9B84A67529DC23E9008C8D6D /* Products */;
			projectDirPath = "";
			projectRoot = "";
			targets = (
				9B84A67329DC23E9008C8D6D /* NoteMeBook */,
			);
		};
/* End PBXProject section */

/* Begin PBXResourcesBuildPhase section */
		9B84A67229DC23E9008C8D6D /* Resources */ = {
			isa = PBXResourcesBuildPhase;
			buildActionMask = 2147483647;
			files = (
				9B84A68729DC23EA008C8D6D /* LaunchScreen.storyboard in Resources */,
				9B84A68429DC23EA008C8D6D /* Assets.xcassets in Resources */,
			);
			runOnlyForDeploymentPostprocessing = 0;
		};
/* End PBXResourcesBuildPhase section */

/* Begin PBXSourcesBuildPhase section */
		9B84A67029DC23E9008C8D6D /* Sources */ = {
			isa = PBXSourcesBuildPhase;
			buildActionMask = 2147483647;
			files = (
				9B84A67829DC23E9008C8D6D /* AppDelegate.swift in Sources */,
				9BAEF11929DC2D2F00755C52 /* PreviewVC.swift in Sources */,
				9B84A68229DC23E9008C8D6D /* NoteMeBook.xcdatamodeld in Sources */,
				9B94D64E29E98CC100AC52DC /* CustomTableViewCell.swift in Sources */,
				9BAEF11729DC2D1300755C52 /* NewNotesVC.swift in Sources */,
				9BAEF11329DC2CA200755C52 /* FirstTableVC.swift in Sources */,
				9B84A67A29DC23E9008C8D6D /* SceneDelegate.swift in Sources */,
			);
			runOnlyForDeploymentPostprocessing = 0;
		};
/* End PBXSourcesBuildPhase section */

/* Begin PBXVariantGroup section */
		9B84A68529DC23EA008C8D6D /* LaunchScreen.storyboard */ = {
			isa = PBXVariantGroup;
			children = (
				9B84A68629DC23EA008C8D6D /* Base */,
			);
			name = LaunchScreen.storyboard;
			sourceTree = "<group>";
		};
/* End PBXVariantGroup section */

/* Begin XCBuildConfiguration section */
		9B84A68929DC23EA008C8D6D /* Debug */ = {
			isa = XCBuildConfiguration;
			buildSettings = {
				ALWAYS_SEARCH_USER_PATHS = NO;
				CLANG_ANALYZER_NONNULL = YES;
				CLANG_ANALYZER_NUMBER_OBJECT_CONVERSION = YES_AGGRESSIVE;
				CLANG_CXX_LANGUAGE_STANDARD = "gnu++20";
				CLANG_ENABLE_MODULES = YES;
				CLANG_ENABLE_OBJC_ARC = YES;
				CLANG_ENABLE_OBJC_WEAK = YES;
				CLANG_WARN_BLOCK_CAPTURE_AUTORELEASING = YES;
				CLANG_WARN_BOOL_CONVERSION = YES;
				CLANG_WARN_COMMA = YES;
				CLANG_WARN_CONSTANT_CONVERSION = YES;
				CLANG_WARN_DEPRECATED_OBJC_IMPLEMENTATIONS = YES;
				CLANG_WARN_DIRECT_OBJC_ISA_USAGE = YES_ERROR;
				CLANG_WARN_DOCUMENTATION_COMMENTS = YES;
				CLANG_WARN_EMPTY_BODY = YES;
				CLANG_WARN_ENUM_CONVERSION = YES;
				CLANG_WARN_INFINITE_RECURSION = YES;
				CLANG_WARN_INT_CONVERSION = YES;
				CLANG_WARN_NON_LITERAL_NULL_CONVERSION = YES;
				CLANG_WARN_OBJC_IMPLICIT_RETAIN_SELF = YES;
				CLANG_WARN_OBJC_LITERAL_CONVERSION = YES;
				CLANG_WARN_OBJC_ROOT_CLASS = YES_ERROR;
				CLANG_WARN_QUOTED_INCLUDE_IN_FRAMEWORK_HEADER = YES;
				CLANG_WARN_RANGE_LOOP_ANALYSIS = YES;
				CLANG_WARN_STRICT_PROTOTYPES = YES;
				CLANG_WARN_SUSPICIOUS_MOVE = YES;
				CLANG_WARN_UNGUARDED_AVAILABILITY = YES_AGGRESSIVE;
				CLANG_WARN_UNREACHABLE_CODE = YES;
				CLANG_WARN__DUPLICATE_METHOD_MATCH = YES;
				COPY_PHASE_STRIP = NO;
				DEBUG_INFORMATION_FORMAT = dwarf;
				ENABLE_STRICT_OBJC_MSGSEND = YES;
				ENABLE_TESTABILITY = YES;
				GCC_C_LANGUAGE_STANDARD = gnu11;
				GCC_DYNAMIC_NO_PIC = NO;
				GCC_NO_COMMON_BLOCKS = YES;
				GCC_OPTIMIZATION_LEVEL = 0;
				GCC_PREPROCESSOR_DEFINITIONS = (
					"DEBUG=1",
					"$(inherited)",
				);
				GCC_WARN_64_TO_32_BIT_CONVERSION = YES;
				GCC_WARN_ABOUT_RETURN_TYPE = YES_ERROR;
				GCC_WARN_UNDECLARED_SELECTOR = YES;
				GCC_WARN_UNINITIALIZED_AUTOS = YES_AGGRESSIVE;
				GCC_WARN_UNUSED_FUNCTION = YES;
				GCC_WARN_UNUSED_VARIABLE = YES;
				IPHONEOS_DEPLOYMENT_TARGET = 16.4;
				MTL_ENABLE_DEBUG_INFO = INCLUDE_SOURCE;
				MTL_FAST_MATH = YES;
				ONLY_ACTIVE_ARCH = YES;
				SDKROOT = iphoneos;
				SWIFT_ACTIVE_COMPILATION_CONDITIONS = DEBUG;
				SWIFT_OPTIMIZATION_LEVEL = "-Onone";
			};
			name = Debug;
		};
		9B84A68A29DC23EA008C8D6D /* Release */ = {
			isa = XCBuildConfiguration;
			buildSettings = {
				ALWAYS_SEARCH_USER_PATHS = NO;
				CLANG_ANALYZER_NONNULL = YES;
				CLANG_ANALYZER_NUMBER_OBJECT_CONVERSION = YES_AGGRESSIVE;
				CLANG_CXX_LANGUAGE_STANDARD = "gnu++20";
				CLANG_ENABLE_MODULES = YES;
				CLANG_ENABLE_OBJC_ARC = YES;
				CLANG_ENABLE_OBJC_WEAK = YES;
				CLANG_WARN_BLOCK_CAPTURE_AUTORELEASING = YES;
				CLANG_WARN_BOOL_CONVERSION = YES;
				CLANG_WARN_COMMA = YES;
				CLANG_WARN_CONSTANT_CONVERSION = YES;
				CLANG_WARN_DEPRECATED_OBJC_IMPLEMENTATIONS = YES;
				CLANG_WARN_DIRECT_OBJC_ISA_USAGE = YES_ERROR;
				CLANG_WARN_DOCUMENTATION_COMMENTS = YES;
				CLANG_WARN_EMPTY_BODY = YES;
				CLANG_WARN_ENUM_CONVERSION = YES;
				CLANG_WARN_INFINITE_RECURSION = YES;
				CLANG_WARN_INT_CONVERSION = YES;
				CLANG_WARN_NON_LITERAL_NULL_CONVERSION = YES;
				CLANG_WARN_OBJC_IMPLICIT_RETAIN_SELF = YES;
				CLANG_WARN_OBJC_LITERAL_CONVERSION = YES;
				CLANG_WARN_OBJC_ROOT_CLASS = YES_ERROR;
				CLANG_WARN_QUOTED_INCLUDE_IN_FRAMEWORK_HEADER = YES;
				CLANG_WARN_RANGE_LOOP_ANALYSIS = YES;
				CLANG_WARN_STRICT_PROTOTYPES = YES;
				CLANG_WARN_SUSPICIOUS_MOVE = YES;
				CLANG_WARN_UNGUARDED_AVAILABILITY = YES_AGGRESSIVE;
				CLANG_WARN_UNREACHABLE_CODE = YES;
				CLANG_WARN__DUPLICATE_METHOD_MATCH = YES;
				COPY_PHASE_STRIP = NO;
				DEBUG_INFORMATION_FORMAT = "dwarf-with-dsym";
				ENABLE_NS_ASSERTIONS = NO;
				ENABLE_STRICT_OBJC_MSGSEND = YES;
				GCC_C_LANGUAGE_STANDARD = gnu11;
				GCC_NO_COMMON_BLOCKS = YES;
				GCC_WARN_64_TO_32_BIT_CONVERSION = YES;
				GCC_WARN_ABOUT_RETURN_TYPE = YES_ERROR;
				GCC_WARN_UNDECLARED_SELECTOR = YES;
				GCC_WARN_UNINITIALIZED_AUTOS = YES_AGGRESSIVE;
				GCC_WARN_UNUSED_FUNCTION = YES;
				GCC_WARN_UNUSED_VARIABLE = YES;
				IPHONEOS_DEPLOYMENT_TARGET = 16.4;
				MTL_ENABLE_DEBUG_INFO = NO;
				MTL_FAST_MATH = YES;
				SDKROOT = iphoneos;
				SWIFT_COMPILATION_MODE = wholemodule;
				SWIFT_OPTIMIZATION_LEVEL = "-O";
				VALIDATE_PRODUCT = YES;
			};
			name = Release;
		};
		9B84A68C29DC23EA008C8D6D /* Debug */ = {
			isa = XCBuildConfiguration;
			buildSettings = {
				ASSETCATALOG_COMPILER_APPICON_NAME = AppIcon;
				ASSETCATALOG_COMPILER_GLOBAL_ACCENT_COLOR_NAME = AccentColor;
				CODE_SIGN_STYLE = Automatic;
				CURRENT_PROJECT_VERSION = 1;
				DEVELOPMENT_TEAM = GX86CHN34S;
				GENERATE_INFOPLIST_FILE = YES;
				INFOPLIST_FILE = NoteMeBook/Info.plist;
				INFOPLIST_KEY_CFBundleDisplayName = "Note Me Book";
				INFOPLIST_KEY_LSApplicationCategoryType = "public.app-category.books";
				INFOPLIST_KEY_UIApplicationSupportsIndirectInputEvents = YES;
				INFOPLIST_KEY_UILaunchStoryboardName = LaunchScreen;
				INFOPLIST_KEY_UISupportedInterfaceOrientations_iPad = "UIInterfaceOrientationPortrait UIInterfaceOrientationPortraitUpsideDown UIInterfaceOrientationLandscapeLeft UIInterfaceOrientationLandscapeRight";
				INFOPLIST_KEY_UISupportedInterfaceOrientations_iPhone = "UIInterfaceOrientationPortrait UIInterfaceOrientationLandscapeLeft UIInterfaceOrientationLandscapeRight";
				IPHONEOS_DEPLOYMENT_TARGET = 15.0;
				LD_RUNPATH_SEARCH_PATHS = (
					"$(inherited)",
					"@executable_path/Frameworks",
				);
				MARKETING_VERSION = 1.0;
				PRODUCT_BUNDLE_IDENTIFIER = "Kutasov-Evgenii.NoteMeBook";
				PRODUCT_NAME = "$(TARGET_NAME)";
				SUPPORTED_PLATFORMS = "iphoneos iphonesimulator";
				SUPPORTS_MACCATALYST = NO;
				SUPPORTS_MAC_DESIGNED_FOR_IPHONE_IPAD = NO;
				SWIFT_EMIT_LOC_STRINGS = YES;
				SWIFT_VERSION = 5.0;
				TARGETED_DEVICE_FAMILY = 1;
			};
			name = Debug;
		};
		9B84A68D29DC23EA008C8D6D /* Release */ = {
			isa = XCBuildConfiguration;
			buildSettings = {
				ASSETCATALOG_COMPILER_APPICON_NAME = AppIcon;
				ASSETCATALOG_COMPILER_GLOBAL_ACCENT_COLOR_NAME = AccentColor;
				CODE_SIGN_STYLE = Automatic;
				CURRENT_PROJECT_VERSION = 1;
				DEVELOPMENT_TEAM = GX86CHN34S;
				GENERATE_INFOPLIST_FILE = YES;
				INFOPLIST_FILE = NoteMeBook/Info.plist;
				INFOPLIST_KEY_CFBundleDisplayName = "Note Me Book";
				INFOPLIST_KEY_LSApplicationCategoryType = "public.app-category.books";
				INFOPLIST_KEY_UIApplicationSupportsIndirectInputEvents = YES;
				INFOPLIST_KEY_UILaunchStoryboardName = LaunchScreen;
				INFOPLIST_KEY_UISupportedInterfaceOrientations_iPad = "UIInterfaceOrientationPortrait UIInterfaceOrientationPortraitUpsideDown UIInterfaceOrientationLandscapeLeft UIInterfaceOrientationLandscapeRight";
				INFOPLIST_KEY_UISupportedInterfaceOrientations_iPhone = "UIInterfaceOrientationPortrait UIInterfaceOrientationLandscapeLeft UIInterfaceOrientationLandscapeRight";
				IPHONEOS_DEPLOYMENT_TARGET = 15.0;
				LD_RUNPATH_SEARCH_PATHS = (
					"$(inherited)",
					"@executable_path/Frameworks",
				);
				MARKETING_VERSION = 1.0;
				PRODUCT_BUNDLE_IDENTIFIER = "Kutasov-Evgenii.NoteMeBook";
				PRODUCT_NAME = "$(TARGET_NAME)";
				SUPPORTED_PLATFORMS = "iphoneos iphonesimulator";
				SUPPORTS_MACCATALYST = NO;
				SUPPORTS_MAC_DESIGNED_FOR_IPHONE_IPAD = NO;
				SWIFT_EMIT_LOC_STRINGS = YES;
				SWIFT_VERSION = 5.0;
				TARGETED_DEVICE_FAMILY = 1;
			};
			name = Release;
		};
/* End XCBuildConfiguration section */

/* Begin XCConfigurationList section */
		9B84A66F29DC23E9008C8D6D /* Build configuration list for PBXProject "NoteMeBook" */ = {
			isa = XCConfigurationList;
			buildConfigurations = (
				9B84A68929DC23EA008C8D6D /* Debug */,
				9B84A68A29DC23EA008C8D6D /* Release */,
			);
			defaultConfigurationIsVisible = 0;
			defaultConfigurationName = Release;
		};
		9B84A68B29DC23EA008C8D6D /* Build configuration list for PBXNativeTarget "NoteMeBook" */ = {
			isa = XCConfigurationList;
			buildConfigurations = (
				9B84A68C29DC23EA008C8D6D /* Debug */,
				9B84A68D29DC23EA008C8D6D /* Release */,
			);
			defaultConfigurationIsVisible = 0;
			defaultConfigurationName = Release;
		};
/* End XCConfigurationList section */

/* Begin XCVersionGroup section */
		9B84A68029DC23E9008C8D6D /* NoteMeBook.xcdatamodeld */ = {
			isa = XCVersionGroup;
			children = (
				9B84A68129DC23E9008C8D6D /* NoteMeBook.xcdatamodel */,
			);
			currentVersion = 9B84A68129DC23E9008C8D6D /* NoteMeBook.xcdatamodel */;
			path = NoteMeBook.xcdatamodeld;
			sourceTree = "<group>";
			versionGroupType = wrapper.xcdatamodel;
		};
/* End XCVersionGroup section */
	};
	rootObject = 9B84A66C29DC23E9008C8D6D /* Project object */;
}
